
Microsoft Visual Studio Solution File, Format Version 12.00
# Visual Studio 15
Project("{FAE04EC0-301F-11D3-BF4B-00C04F79EFBC}") = "Still Testing", "Assembly-CSharp.csproj", "{59D7B9D5-784A-09B1-4A6D-A45801BF61C1}"
EndProject
Project("{FAE04EC0-301F-11D3-BF4B-00C04F79EFBC}") = "Still Testing", "Assembly-CSharp-Editor.csproj", "{464D247E-6E2A-328E-8004-D207787F21CE}"
EndProject
Global
	GlobalSection(SolutionConfigurationPlatforms) = preSolution
		Debug|Any CPU = Debug|Any CPU
		Release|Any CPU = Release|Any CPU
	EndGlobalSection
	GlobalSection(ProjectConfigurationPlatforms) = postSolution
		{59D7B9D5-784A-09B1-4A6D-A45801BF61C1}.Debug|Any CPU.ActiveCfg = Debug|Any CPU
		{59D7B9D5-784A-09B1-4A6D-A45801BF61C1}.Debug|Any CPU.Build.0 = Debug|Any CPU
		{59D7B9D5-784A-09B1-4A6D-A45801BF61C1}.Release|Any CPU.ActiveCfg = Release|Any CPU
		{59D7B9D5-784A-09B1-4A6D-A45801BF61C1}.Release|Any CPU.Build.0 = Release|Any CPU
		{464D247E-6E2A-328E-8004-D207787F21CE}.Debug|Any CPU.ActiveCfg = Debug|Any CPU
		{464D247E-6E2A-328E-8004-D207787F21CE}.Debug|Any CPU.Build.0 = Debug|Any CPU
		{464D247E-6E2A-328E-8004-D207787F21CE}.Release|Any CPU.ActiveCfg = Release|Any CPU
		{464D247E-6E2A-328E-8004-D207787F21CE}.Release|Any CPU.Build.0 = Release|Any CPU
	EndGlobalSection
	GlobalSection(SolutionProperties) = preSolution
		HideSolutionNode = FALSE
	EndGlobalSection
EndGlobal
